// !$*UTF8*$!
{
	archiveVersion = 1;
	classes = {
	};
	objectVersion = 46;
	objects = {

/* Begin PBXBuildFile section */
		2435388F1F145E1A0093110A /* main.swift in Sources */ = {isa = PBXBuildFile; fileRef = 2435388E1F145E1A0093110A /* main.swift */; };
		24D17D1E1F1D911F0003875E /* Prime.swift in Sources */ = {isa = PBXBuildFile; fileRef = 24D17D1D1F1D911F0003875E /* Prime.swift */; };
		24D17D201F1D914A0003875E /* Root.swift in Sources */ = {isa = PBXBuildFile; fileRef = 24D17D1F1F1D914A0003875E /* Root.swift */; };
		24D17D221F1D915B0003875E /* LCMGCD.swift in Sources */ = {isa = PBXBuildFile; fileRef = 24D17D211F1D915B0003875E /* LCMGCD.swift */; };
		24D17D241F1D91990003875E /* Fibonacci.swift in Sources */ = {isa = PBXBuildFile; fileRef = 24D17D231F1D91990003875E /* Fibonacci.swift */; };
		24D17D261F1D91A30003875E /* Power.swift in Sources */ = {isa = PBXBuildFile; fileRef = 24D17D251F1D91A30003875E /* Power.swift */; };
		24D17D281F1D91B20003875E /* PermutationCombination.swift in Sources */ = {isa = PBXBuildFile; fileRef = 24D17D271F1D91B20003875E /* PermutationCombination.swift */; };
/* End PBXBuildFile section */

/* Begin PBXCopyFilesBuildPhase section */
		243538891F145E1A0093110A /* CopyFiles */ = {
			isa = PBXCopyFilesBuildPhase;
			buildActionMask = 2147483647;
			dstPath = /usr/share/man/man1/;
			dstSubfolderSpec = 0;
			files = (
			);
			runOnlyForDeploymentPostprocessing = 1;
		};
/* End PBXCopyFilesBuildPhase section */

/* Begin PBXFileReference section */
		2435388B1F145E1A0093110A /* MathFunctions */ = {isa = PBXFileReference; explicitFileType = "compiled.mach-o.executable"; includeInIndex = 0; path = MathFunctions; sourceTree = BUILT_PRODUCTS_DIR; };
		2435388E1F145E1A0093110A /* main.swift */ = {isa = PBXFileReference; lastKnownFileType = sourcecode.swift; path = main.swift; sourceTree = "<group>"; };
		24D17D1D1F1D911F0003875E /* Prime.swift */ = {isa = PBXFileReference; fileEncoding = 4; lastKnownFileType = sourcecode.swift; path = Prime.swift; sourceTree = "<group>"; };
		24D17D1F1F1D914A0003875E /* Root.swift */ = {isa = PBXFileReference; fileEncoding = 4; lastKnownFileType = sourcecode.swift; path = Root.swift; sourceTree = "<group>"; };
		24D17D211F1D915B0003875E /* LCMGCD.swift */ = {isa = PBXFileReference; fileEncoding = 4; lastKnownFileType = sourcecode.swift; path = LCMGCD.swift; sourceTree = "<group>"; };
		24D17D231F1D91990003875E /* Fibonacci.swift */ = {isa = PBXFileReference; fileEncoding = 4; lastKnownFileType = sourcecode.swift; path = Fibonacci.swift; sourceTree = "<group>"; };
		24D17D251F1D91A30003875E /* Power.swift */ = {isa = PBXFileReference; fileEncoding = 4; lastKnownFileType = sourcecode.swift; path = Power.swift; sourceTree = "<group>"; };
		24D17D271F1D91B20003875E /* PermutationCombination.swift */ = {isa = PBXFileReference; fileEncoding = 4; lastKnownFileType = sourcecode.swift; path = PermutationCombination.swift; sourceTree = "<group>"; };
/* End PBXFileReference section */

/* Begin PBXFrameworksBuildPhase section */
		243538881F145E1A0093110A /* Frameworks */ = {
			isa = PBXFrameworksBuildPhase;
			buildActionMask = 2147483647;
			files = (
			);
			runOnlyForDeploymentPostprocessing = 0;
		};
/* End PBXFrameworksBuildPhase section */

/* Begin PBXGroup section */
		243538821F145E1A0093110A = {
			isa = PBXGroup;
			children = (
				2435388D1F145E1A0093110A /* MathFunctions */,
				2435388C1F145E1A0093110A /* Products */,
			);
			sourceTree = "<group>";
		};
		2435388C1F145E1A0093110A /* Products */ = {
			isa = PBXGroup;
			children = (
				2435388B1F145E1A0093110A /* MathFunctions */,
			);
			name = Products;
			sourceTree = "<group>";
		};
		2435388D1F145E1A0093110A /* MathFunctions */ = {
			isa = PBXGroup;
			children = (
				2435388E1F145E1A0093110A /* main.swift */,
				24D17D1D1F1D911F0003875E /* Prime.swift */,
				24D17D1F1F1D914A0003875E /* Root.swift */,
				24D17D211F1D915B0003875E /* LCMGCD.swift */,
				24D17D231F1D91990003875E /* Fibonacci.swift */,
				24D17D251F1D91A30003875E /* Power.swift */,
				24D17D271F1D91B20003875E /* PermutationCombination.swift */,
			);
			path = MathFunctions;
			sourceTree = "<group>";
		};
/* End PBXGroup section */

/* Begin PBXNativeTarget section */
		2435388A1F145E1A0093110A /* MathFunctions */ = {
			isa = PBXNativeTarget;
			buildConfigurationList = 243538921F145E1A0093110A /* Build configuration list for PBXNativeTarget "MathFunctions" */;
			buildPhases = (
				243538871F145E1A0093110A /* Sources */,
				243538881F145E1A0093110A /* Frameworks */,
				243538891F145E1A0093110A /* CopyFiles */,
			);
			buildRules = (
			);
			dependencies = (
			);
			name = MathFunctions;
			productName = MathFunctions;
			productReference = 2435388B1F145E1A0093110A /* MathFunctions */;
			productType = "com.apple.product-type.tool";
		};
/* End PBXNativeTarget section */

/* Begin PBXProject section */
		243538831F145E1A0093110A /* Project object */ = {
			isa = PBXProject;
			attributes = {
				LastSwiftUpdateCheck = 0830;
				LastUpgradeCheck = 0830;
				ORGANIZATIONNAME = ASU;
				TargetAttributes = {
					2435388A1F145E1A0093110A = {
						CreatedOnToolsVersion = 8.3.3;
						DevelopmentTeam = 2WESM7TKKR;
						ProvisioningStyle = Automatic;
					};
				};
			};
			buildConfigurationList = 243538861F145E1A0093110A /* Build configuration list for PBXProject "MathFunctions" */;
			compatibilityVersion = "Xcode 3.2";
			developmentRegion = English;
			hasScannedForEncodings = 0;
			knownRegions = (
				en,
			);
			mainGroup = 243538821F145E1A0093110A;
			productRefGroup = 2435388C1F145E1A0093110A /* Products */;
			projectDirPath = "";
			projectRoot = "";
			targets = (
				2435388A1F145E1A0093110A /* MathFunctions */,
			);
		};
/* End PBXProject section */

/* Begin PBXSourcesBuildPhase section */
		243538871F145E1A0093110A /* Sources */ = {
			isa = PBXSourcesBuildPhase;
			buildActionMask = 2147483647;
			files = (
				24D17D241F1D91990003875E /* Fibonacci.swift in Sources */,
				24D17D261F1D91A30003875E /* Power.swift in Sources */,
				2435388F1F145E1A0093110A /* main.swift in Sources */,
				24D17D221F1D915B0003875E /* LCMGCD.swift in Sources */,
				24D17D1E1F1D911F0003875E /* Prime.swift in Sources */,
				24D17D201F1D914A0003875E /* Root.swift in Sources */,
				24D17D281F1D91B20003875E /* PermutationCombination.swift in Sources */,
			);
			runOnlyForDeploymentPostprocessing = 0;
		};
/* End PBXSourcesBuildPhase section */

/* Begin XCBuildConfiguration section */
		243538901F145E1A0093110A /* Debug */ = {
			isa = XCBuildConfiguration;
			buildSettings = {
				ALWAYS_SEARCH_USER_PATHS = NO;
				CLANG_ANALYZER_NONNULL = YES;
				CLANG_ANALYZER_NUMBER_OBJECT_CONVERSION = YES_AGGRESSIVE;
				CLANG_CXX_LANGUAGE_STANDARD = "gnu++0x";
				CLANG_CXX_LIBRARY = "libc++";
				CLANG_ENABLE_MODULES = YES;
				CLANG_ENABLE_OBJC_ARC = YES;
				CLANG_WARN_BOOL_CONVERSION = YES;
				CLANG_WARN_CONSTANT_CONVERSION = YES;
				CLANG_WARN_DIRECT_OBJC_ISA_USAGE = YES_ERROR;
				CLANG_WARN_DOCUMENTATION_COMMENTS = YES;
				CLANG_WARN_EMPTY_BODY = YES;
				CLANG_WARN_ENUM_CONVERSION = YES;
				CLANG_WARN_INFINITE_RECURSION = YES;
				CLANG_WARN_INT_CONVERSION = YES;
				CLANG_WARN_OBJC_ROOT_CLASS = YES_ERROR;
				CLANG_WARN_SUSPICIOUS_MOVE = YES;
				CLANG_WARN_UNREACHABLE_CODE = YES;
				CLANG_WARN__DUPLICATE_METHOD_MATCH = YES;
				CODE_SIGN_IDENTITY = "-";
				COPY_PHASE_STRIP = NO;
				DEBUG_INFORMATION_FORMAT = dwarf;
				ENABLE_STRICT_OBJC_MSGSEND = YES;
				ENABLE_TESTABILITY = YES;
				GCC_C_LANGUAGE_STANDARD = gnu99;
				GCC_DYNAMIC_NO_PIC = NO;
				GCC_NO_COMMON_BLOCKS = YES;
				GCC_OPTIMIZATION_LEVEL = 0;
				GCC_PREPROCESSOR_DEFINITIONS = (
					"DEBUG=1",
					"$(inherited)",
				);
				GCC_WARN_64_TO_32_BIT_CONVERSION = YES;
				GCC_WARN_ABOUT_RETURN_TYPE = YES_ERROR;
				GCC_WARN_UNDECLARED_SELECTOR = YES;
				GCC_WARN_UNINITIALIZED_AUTOS = YES_AGGRESSIVE;
				GCC_WARN_UNUSED_FUNCTION = YES;
				GCC_WARN_UNUSED_VARIABLE = YES;
				MACOSX_DEPLOYMENT_TARGET = 10.12;
				MTL_ENABLE_DEBUG_INFO = YES;
				ONLY_ACTIVE_ARCH = YES;
				SDKROOT = macosx;
				SWIFT_OPTIMIZATION_LEVEL = "-Onone";
			};
			name = Debug;
		};
		243538911F145E1A0093110A /* Release */ = {
			isa = XCBuildConfiguration;
			buildSettings = {
				ALWAYS_SEARCH_USER_PATHS = NO;
				CLANG_ANALYZER_NONNULL = YES;
				CLANG_ANALYZER_NUMBER_OBJECT_CONVERSION = YES_AGGRESSIVE;
				CLANG_CXX_LANGUAGE_STANDARD = "gnu++0x";
				CLANG_CXX_LIBRARY = "libc++";
				CLANG_ENABLE_MODULES = YES;
				CLANG_ENABLE_OBJC_ARC = YES;
				CLANG_WARN_BOOL_CONVERSION = YES;
				CLANG_WARN_CONSTANT_CONVERSION = YES;
				CLANG_WARN_DIRECT_OBJC_ISA_USAGE = YES_ERROR;
				CLANG_WARN_DOCUMENTATION_COMMENTS = YES;
				CLANG_WARN_EMPTY_BODY = YES;
				CLANG_WARN_ENUM_CONVERSION = YES;
				CLANG_WARN_INFINITE_RECURSION = YES;
				CLANG_WARN_INT_CONVERSION = YES;
				CLANG_WARN_OBJC_ROOT_CLASS = YES_ERROR;
				CLANG_WARN_SUSPICIOUS_MOVE = YES;
				CLANG_WARN_UNREACHABLE_CODE = YES;
				CLANG_WARN__DUPLICATE_METHOD_MATCH = YES;
				CODE_SIGN_IDENTITY = "-";
				COPY_PHASE_STRIP = NO;
				DEBUG_INFORMATION_FORMAT = "dwarf-with-dsym";
				ENABLE_NS_ASSERTIONS = NO;
				ENABLE_STRICT_OBJC_MSGSEND = YES;
				GCC_C_LANGUAGE_STANDARD = gnu99;
				GCC_NO_COMMON_BLOCKS = YES;
				GCC_WARN_64_TO_32_BIT_CONVERSION = YES;
				GCC_WARN_ABOUT_RETURN_TYPE = YES_ERROR;
				GCC_WARN_UNDECLARED_SELECTOR = YES;
				GCC_WARN_UNINITIALIZED_AUTOS = YES_AGGRESSIVE;
				GCC_WARN_UNUSED_FUNCTION = YES;
				GCC_WARN_UNUSED_VARIABLE = YES;
				MACOSX_DEPLOYMENT_TARGET = 10.12;
				MTL_ENABLE_DEBUG_INFO = NO;
				SDKROOT = macosx;
			};
			name = Release;
		};
		243538931F145E1A0093110A /* Debug */ = {
			isa = XCBuildConfiguration;
			buildSettings = {
				DEVELOPMENT_TEAM = 2WESM7TKKR;
				PRODUCT_NAME = "$(TARGET_NAME)";
				SWIFT_VERSION = 3.0;
			};
			name = Debug;
		};
		243538941F145E1A0093110A /* Release */ = {
			isa = XCBuildConfiguration;
			buildSettings = {
				DEVELOPMENT_TEAM = 2WESM7TKKR;
				PRODUCT_NAME = "$(TARGET_NAME)";
				SWIFT_VERSION = 3.0;
			};
			name = Release;
		};
/* End XCBuildConfiguration section */

/* Begin XCConfigurationList section */
		243538861F145E1A0093110A /* Build configuration list for PBXProject "MathFunctions" */ = {
			isa = XCConfigurationList;
			buildConfigurations = (
				243538901F145E1A0093110A /* Debug */,
				243538911F145E1A0093110A /* Release */,
			);
			defaultConfigurationIsVisible = 0;
			defaultConfigurationName = Release;
		};
		243538921F145E1A0093110A /* Build configuration list for PBXNativeTarget "MathFunctions" */ = {
			isa = XCConfigurationList;
			buildConfigurations = (
				243538931F145E1A0093110A /* Debug */,
				243538941F145E1A0093110A /* Release */,
			);
			defaultConfigurationIsVisible = 0;
			defaultConfigurationName = Release;
		};
/* End XCConfigurationList section */
	};
	rootObject = 243538831F145E1A0093110A /* Project object */;
}
