// !$*UTF8*$!
{
	archiveVersion = 1;
	classes = {
	};
	objectVersion = 46;
	objects = {

/* Begin PBXBuildFile section */
		24A0E8111F241E5E0032A9D0 /* Power.swift in Sources */ = {isa = PBXBuildFile; fileRef = 24A0E8101F241E5E0032A9D0 /* Power.swift */; };
		24A0E8131F241EB40032A9D0 /* Median.swift in Sources */ = {isa = PBXBuildFile; fileRef = 24A0E8121F241EB40032A9D0 /* Median.swift */; };
		24D763C91F21CFF500C1A3A7 /* main.swift in Sources */ = {isa = PBXBuildFile; fileRef = 24D763C81F21CFF500C1A3A7 /* main.swift */; };
/* End PBXBuildFile section */

/* Begin PBXCopyFilesBuildPhase section */
		24D763C31F21CFF400C1A3A7 /* CopyFiles */ = {
			isa = PBXCopyFilesBuildPhase;
			buildActionMask = 2147483647;
			dstPath = /usr/share/man/man1/;
			dstSubfolderSpec = 0;
			files = (
			);
			runOnlyForDeploymentPostprocessing = 1;
		};
/* End PBXCopyFilesBuildPhase section */

/* Begin PBXFileReference section */
		24A0E8101F241E5E0032A9D0 /* Power.swift */ = {isa = PBXFileReference; fileEncoding = 4; lastKnownFileType = sourcecode.swift; path = Power.swift; sourceTree = "<group>"; };
		24A0E8121F241EB40032A9D0 /* Median.swift */ = {isa = PBXFileReference; fileEncoding = 4; lastKnownFileType = sourcecode.swift; path = Median.swift; sourceTree = "<group>"; };
		24D763C51F21CFF400C1A3A7 /* DivideConquer */ = {isa = PBXFileReference; explicitFileType = "compiled.mach-o.executable"; includeInIndex = 0; path = DivideConquer; sourceTree = BUILT_PRODUCTS_DIR; };
		24D763C81F21CFF500C1A3A7 /* main.swift */ = {isa = PBXFileReference; lastKnownFileType = sourcecode.swift; path = main.swift; sourceTree = "<group>"; };
/* End PBXFileReference section */

/* Begin PBXFrameworksBuildPhase section */
		24D763C21F21CFF400C1A3A7 /* Frameworks */ = {
			isa = PBXFrameworksBuildPhase;
			buildActionMask = 2147483647;
			files = (
			);
			runOnlyForDeploymentPostprocessing = 0;
		};
/* End PBXFrameworksBuildPhase section */

/* Begin PBXGroup section */
		24D763BC1F21CFF300C1A3A7 = {
			isa = PBXGroup;
			children = (
				24D763C71F21CFF400C1A3A7 /* DivideConquer */,
				24D763C61F21CFF400C1A3A7 /* Products */,
			);
			sourceTree = "<group>";
		};
		24D763C61F21CFF400C1A3A7 /* Products */ = {
			isa = PBXGroup;
			children = (
				24D763C51F21CFF400C1A3A7 /* DivideConquer */,
			);
			name = Products;
			sourceTree = "<group>";
		};
		24D763C71F21CFF400C1A3A7 /* DivideConquer */ = {
			isa = PBXGroup;
			children = (
				24D763C81F21CFF500C1A3A7 /* main.swift */,
				24A0E8121F241EB40032A9D0 /* Median.swift */,
				24A0E8101F241E5E0032A9D0 /* Power.swift */,
			);
			path = DivideConquer;
			sourceTree = "<group>";
		};
/* End PBXGroup section */

/* Begin PBXNativeTarget section */
		24D763C41F21CFF400C1A3A7 /* DivideConquer */ = {
			isa = PBXNativeTarget;
			buildConfigurationList = 24D763CC1F21CFF500C1A3A7 /* Build configuration list for PBXNativeTarget "DivideConquer" */;
			buildPhases = (
				24D763C11F21CFF400C1A3A7 /* Sources */,
				24D763C21F21CFF400C1A3A7 /* Frameworks */,
				24D763C31F21CFF400C1A3A7 /* CopyFiles */,
			);
			buildRules = (
			);
			dependencies = (
			);
			name = DivideConquer;
			productName = DivideConquer;
			productReference = 24D763C51F21CFF400C1A3A7 /* DivideConquer */;
			productType = "com.apple.product-type.tool";
		};
/* End PBXNativeTarget section */

/* Begin PBXProject section */
		24D763BD1F21CFF300C1A3A7 /* Project object */ = {
			isa = PBXProject;
			attributes = {
				LastSwiftUpdateCheck = 0830;
				LastUpgradeCheck = 0830;
				ORGANIZATIONNAME = ASU;
				TargetAttributes = {
					24D763C41F21CFF400C1A3A7 = {
						CreatedOnToolsVersion = 8.3.3;
						DevelopmentTeam = 2WESM7TKKR;
						ProvisioningStyle = Automatic;
					};
				};
			};
			buildConfigurationList = 24D763C01F21CFF300C1A3A7 /* Build configuration list for PBXProject "DivideConquer" */;
			compatibilityVersion = "Xcode 3.2";
			developmentRegion = English;
			hasScannedForEncodings = 0;
			knownRegions = (
				en,
			);
			mainGroup = 24D763BC1F21CFF300C1A3A7;
			productRefGroup = 24D763C61F21CFF400C1A3A7 /* Products */;
			projectDirPath = "";
			projectRoot = "";
			targets = (
				24D763C41F21CFF400C1A3A7 /* DivideConquer */,
			);
		};
/* End PBXProject section */

/* Begin PBXSourcesBuildPhase section */
		24D763C11F21CFF400C1A3A7 /* Sources */ = {
			isa = PBXSourcesBuildPhase;
			buildActionMask = 2147483647;
			files = (
				24D763C91F21CFF500C1A3A7 /* main.swift in Sources */,
				24A0E8111F241E5E0032A9D0 /* Power.swift in Sources */,
				24A0E8131F241EB40032A9D0 /* Median.swift in Sources */,
			);
			runOnlyForDeploymentPostprocessing = 0;
		};
/* End PBXSourcesBuildPhase section */

/* Begin XCBuildConfiguration section */
		24D763CA1F21CFF500C1A3A7 /* Debug */ = {
			isa = XCBuildConfiguration;
			buildSettings = {
				ALWAYS_SEARCH_USER_PATHS = NO;
				CLANG_ANALYZER_NONNULL = YES;
				CLANG_ANALYZER_NUMBER_OBJECT_CONVERSION = YES_AGGRESSIVE;
				CLANG_CXX_LANGUAGE_STANDARD = "gnu++0x";
				CLANG_CXX_LIBRARY = "libc++";
				CLANG_ENABLE_MODULES = YES;
				CLANG_ENABLE_OBJC_ARC = YES;
				CLANG_WARN_BOOL_CONVERSION = YES;
				CLANG_WARN_CONSTANT_CONVERSION = YES;
				CLANG_WARN_DIRECT_OBJC_ISA_USAGE = YES_ERROR;
				CLANG_WARN_DOCUMENTATION_COMMENTS = YES;
				CLANG_WARN_EMPTY_BODY = YES;
				CLANG_WARN_ENUM_CONVERSION = YES;
				CLANG_WARN_INFINITE_RECURSION = YES;
				CLANG_WARN_INT_CONVERSION = YES;
				CLANG_WARN_OBJC_ROOT_CLASS = YES_ERROR;
				CLANG_WARN_SUSPICIOUS_MOVE = YES;
				CLANG_WARN_UNREACHABLE_CODE = YES;
				CLANG_WARN__DUPLICATE_METHOD_MATCH = YES;
				CODE_SIGN_IDENTITY = "-";
				COPY_PHASE_STRIP = NO;
				DEBUG_INFORMATION_FORMAT = dwarf;
				ENABLE_STRICT_OBJC_MSGSEND = YES;
				ENABLE_TESTABILITY = YES;
				GCC_C_LANGUAGE_STANDARD = gnu99;
				GCC_DYNAMIC_NO_PIC = NO;
				GCC_NO_COMMON_BLOCKS = YES;
				GCC_OPTIMIZATION_LEVEL = 0;
				GCC_PREPROCESSOR_DEFINITIONS = (
					"DEBUG=1",
					"$(inherited)",
				);
				GCC_WARN_64_TO_32_BIT_CONVERSION = YES;
				GCC_WARN_ABOUT_RETURN_TYPE = YES_ERROR;
				GCC_WARN_UNDECLARED_SELECTOR = YES;
				GCC_WARN_UNINITIALIZED_AUTOS = YES_AGGRESSIVE;
				GCC_WARN_UNUSED_FUNCTION = YES;
				GCC_WARN_UNUSED_VARIABLE = YES;
				MACOSX_DEPLOYMENT_TARGET = 10.12;
				MTL_ENABLE_DEBUG_INFO = YES;
				ONLY_ACTIVE_ARCH = YES;
				SDKROOT = macosx;
				SWIFT_OPTIMIZATION_LEVEL = "-Onone";
			};
			name = Debug;
		};
		24D763CB1F21CFF500C1A3A7 /* Release */ = {
			isa = XCBuildConfiguration;
			buildSettings = {
				ALWAYS_SEARCH_USER_PATHS = NO;
				CLANG_ANALYZER_NONNULL = YES;
				CLANG_ANALYZER_NUMBER_OBJECT_CONVERSION = YES_AGGRESSIVE;
				CLANG_CXX_LANGUAGE_STANDARD = "gnu++0x";
				CLANG_CXX_LIBRARY = "libc++";
				CLANG_ENABLE_MODULES = YES;
				CLANG_ENABLE_OBJC_ARC = YES;
				CLANG_WARN_BOOL_CONVERSION = YES;
				CLANG_WARN_CONSTANT_CONVERSION = YES;
				CLANG_WARN_DIRECT_OBJC_ISA_USAGE = YES_ERROR;
				CLANG_WARN_DOCUMENTATION_COMMENTS = YES;
				CLANG_WARN_EMPTY_BODY = YES;
				CLANG_WARN_ENUM_CONVERSION = YES;
				CLANG_WARN_INFINITE_RECURSION = YES;
				CLANG_WARN_INT_CONVERSION = YES;
				CLANG_WARN_OBJC_ROOT_CLASS = YES_ERROR;
				CLANG_WARN_SUSPICIOUS_MOVE = YES;
				CLANG_WARN_UNREACHABLE_CODE = YES;
				CLANG_WARN__DUPLICATE_METHOD_MATCH = YES;
				CODE_SIGN_IDENTITY = "-";
				COPY_PHASE_STRIP = NO;
				DEBUG_INFORMATION_FORMAT = "dwarf-with-dsym";
				ENABLE_NS_ASSERTIONS = NO;
				ENABLE_STRICT_OBJC_MSGSEND = YES;
				GCC_C_LANGUAGE_STANDARD = gnu99;
				GCC_NO_COMMON_BLOCKS = YES;
				GCC_WARN_64_TO_32_BIT_CONVERSION = YES;
				GCC_WARN_ABOUT_RETURN_TYPE = YES_ERROR;
				GCC_WARN_UNDECLARED_SELECTOR = YES;
				GCC_WARN_UNINITIALIZED_AUTOS = YES_AGGRESSIVE;
				GCC_WARN_UNUSED_FUNCTION = YES;
				GCC_WARN_UNUSED_VARIABLE = YES;
				MACOSX_DEPLOYMENT_TARGET = 10.12;
				MTL_ENABLE_DEBUG_INFO = NO;
				SDKROOT = macosx;
			};
			name = Release;
		};
		24D763CD1F21CFF500C1A3A7 /* Debug */ = {
			isa = XCBuildConfiguration;
			buildSettings = {
				DEVELOPMENT_TEAM = 2WESM7TKKR;
				PRODUCT_NAME = "$(TARGET_NAME)";
				SWIFT_VERSION = 3.0;
			};
			name = Debug;
		};
		24D763CE1F21CFF500C1A3A7 /* Release */ = {
			isa = XCBuildConfiguration;
			buildSettings = {
				DEVELOPMENT_TEAM = 2WESM7TKKR;
				PRODUCT_NAME = "$(TARGET_NAME)";
				SWIFT_VERSION = 3.0;
			};
			name = Release;
		};
/* End XCBuildConfiguration section */

/* Begin XCConfigurationList section */
		24D763C01F21CFF300C1A3A7 /* Build configuration list for PBXProject "DivideConquer" */ = {
			isa = XCConfigurationList;
			buildConfigurations = (
				24D763CA1F21CFF500C1A3A7 /* Debug */,
				24D763CB1F21CFF500C1A3A7 /* Release */,
			);
			defaultConfigurationIsVisible = 0;
			defaultConfigurationName = Release;
		};
		24D763CC1F21CFF500C1A3A7 /* Build configuration list for PBXNativeTarget "DivideConquer" */ = {
			isa = XCConfigurationList;
			buildConfigurations = (
				24D763CD1F21CFF500C1A3A7 /* Debug */,
				24D763CE1F21CFF500C1A3A7 /* Release */,
			);
			defaultConfigurationIsVisible = 0;
			defaultConfigurationName = Release;
		};
/* End XCConfigurationList section */
	};
	rootObject = 24D763BD1F21CFF300C1A3A7 /* Project object */;
}
