// !$*UTF8*$!
{
	archiveVersion = 1;
	classes = {
	};
	objectVersion = 46;
	objects = {

/* Begin PBXBuildFile section */
		24419FA11F26BCBC0006CB6A /* main.swift in Sources */ = {isa = PBXBuildFile; fileRef = 24419FA01F26BCBC0006CB6A /* main.swift */; };
		24419FA81F26C4450006CB6A /* Naive.swift in Sources */ = {isa = PBXBuildFile; fileRef = 24419FA71F26C4450006CB6A /* Naive.swift */; };
		24419FAA1F26D0010006CB6A /* KMP.swift in Sources */ = {isa = PBXBuildFile; fileRef = 24419FA91F26D0010006CB6A /* KMP.swift */; };
/* End PBXBuildFile section */

/* Begin PBXCopyFilesBuildPhase section */
		24419F9B1F26BCBC0006CB6A /* CopyFiles */ = {
			isa = PBXCopyFilesBuildPhase;
			buildActionMask = 2147483647;
			dstPath = /usr/share/man/man1/;
			dstSubfolderSpec = 0;
			files = (
			);
			runOnlyForDeploymentPostprocessing = 1;
		};
/* End PBXCopyFilesBuildPhase section */

/* Begin PBXFileReference section */
		24419F9D1F26BCBC0006CB6A /* PatternSearching */ = {isa = PBXFileReference; explicitFileType = "compiled.mach-o.executable"; includeInIndex = 0; path = PatternSearching; sourceTree = BUILT_PRODUCTS_DIR; };
		24419FA01F26BCBC0006CB6A /* main.swift */ = {isa = PBXFileReference; lastKnownFileType = sourcecode.swift; path = main.swift; sourceTree = "<group>"; };
		24419FA71F26C4450006CB6A /* Naive.swift */ = {isa = PBXFileReference; fileEncoding = 4; lastKnownFileType = sourcecode.swift; path = Naive.swift; sourceTree = "<group>"; };
		24419FA91F26D0010006CB6A /* KMP.swift */ = {isa = PBXFileReference; fileEncoding = 4; lastKnownFileType = sourcecode.swift; path = KMP.swift; sourceTree = "<group>"; };
/* End PBXFileReference section */

/* Begin PBXFrameworksBuildPhase section */
		24419F9A1F26BCBC0006CB6A /* Frameworks */ = {
			isa = PBXFrameworksBuildPhase;
			buildActionMask = 2147483647;
			files = (
			);
			runOnlyForDeploymentPostprocessing = 0;
		};
/* End PBXFrameworksBuildPhase section */

/* Begin PBXGroup section */
		24419F941F26BCBC0006CB6A = {
			isa = PBXGroup;
			children = (
				24419F9F1F26BCBC0006CB6A /* PatternSearching */,
				24419F9E1F26BCBC0006CB6A /* Products */,
			);
			sourceTree = "<group>";
		};
		24419F9E1F26BCBC0006CB6A /* Products */ = {
			isa = PBXGroup;
			children = (
				24419F9D1F26BCBC0006CB6A /* PatternSearching */,
			);
			name = Products;
			sourceTree = "<group>";
		};
		24419F9F1F26BCBC0006CB6A /* PatternSearching */ = {
			isa = PBXGroup;
			children = (
				24419FA01F26BCBC0006CB6A /* main.swift */,
				24419FA71F26C4450006CB6A /* Naive.swift */,
				24419FA91F26D0010006CB6A /* KMP.swift */,
			);
			path = PatternSearching;
			sourceTree = "<group>";
		};
/* End PBXGroup section */

/* Begin PBXNativeTarget section */
		24419F9C1F26BCBC0006CB6A /* PatternSearching */ = {
			isa = PBXNativeTarget;
			buildConfigurationList = 24419FA41F26BCBC0006CB6A /* Build configuration list for PBXNativeTarget "PatternSearching" */;
			buildPhases = (
				24419F991F26BCBC0006CB6A /* Sources */,
				24419F9A1F26BCBC0006CB6A /* Frameworks */,
				24419F9B1F26BCBC0006CB6A /* CopyFiles */,
			);
			buildRules = (
			);
			dependencies = (
			);
			name = PatternSearching;
			productName = PatternSearching;
			productReference = 24419F9D1F26BCBC0006CB6A /* PatternSearching */;
			productType = "com.apple.product-type.tool";
		};
/* End PBXNativeTarget section */

/* Begin PBXProject section */
		24419F951F26BCBC0006CB6A /* Project object */ = {
			isa = PBXProject;
			attributes = {
				LastSwiftUpdateCheck = 0830;
				LastUpgradeCheck = 0830;
				ORGANIZATIONNAME = ASU;
				TargetAttributes = {
					24419F9C1F26BCBC0006CB6A = {
						CreatedOnToolsVersion = 8.3.3;
						DevelopmentTeam = 2WESM7TKKR;
						ProvisioningStyle = Automatic;
					};
				};
			};
			buildConfigurationList = 24419F981F26BCBC0006CB6A /* Build configuration list for PBXProject "PatternSearching" */;
			compatibilityVersion = "Xcode 3.2";
			developmentRegion = English;
			hasScannedForEncodings = 0;
			knownRegions = (
				en,
			);
			mainGroup = 24419F941F26BCBC0006CB6A;
			productRefGroup = 24419F9E1F26BCBC0006CB6A /* Products */;
			projectDirPath = "";
			projectRoot = "";
			targets = (
				24419F9C1F26BCBC0006CB6A /* PatternSearching */,
			);
		};
/* End PBXProject section */

/* Begin PBXSourcesBuildPhase section */
		24419F991F26BCBC0006CB6A /* Sources */ = {
			isa = PBXSourcesBuildPhase;
			buildActionMask = 2147483647;
			files = (
				24419FAA1F26D0010006CB6A /* KMP.swift in Sources */,
				24419FA11F26BCBC0006CB6A /* main.swift in Sources */,
				24419FA81F26C4450006CB6A /* Naive.swift in Sources */,
			);
			runOnlyForDeploymentPostprocessing = 0;
		};
/* End PBXSourcesBuildPhase section */

/* Begin XCBuildConfiguration section */
		24419FA21F26BCBC0006CB6A /* Debug */ = {
			isa = XCBuildConfiguration;
			buildSettings = {
				ALWAYS_SEARCH_USER_PATHS = NO;
				CLANG_ANALYZER_NONNULL = YES;
				CLANG_ANALYZER_NUMBER_OBJECT_CONVERSION = YES_AGGRESSIVE;
				CLANG_CXX_LANGUAGE_STANDARD = "gnu++0x";
				CLANG_CXX_LIBRARY = "libc++";
				CLANG_ENABLE_MODULES = YES;
				CLANG_ENABLE_OBJC_ARC = YES;
				CLANG_WARN_BOOL_CONVERSION = YES;
				CLANG_WARN_CONSTANT_CONVERSION = YES;
				CLANG_WARN_DIRECT_OBJC_ISA_USAGE = YES_ERROR;
				CLANG_WARN_DOCUMENTATION_COMMENTS = YES;
				CLANG_WARN_EMPTY_BODY = YES;
				CLANG_WARN_ENUM_CONVERSION = YES;
				CLANG_WARN_INFINITE_RECURSION = YES;
				CLANG_WARN_INT_CONVERSION = YES;
				CLANG_WARN_OBJC_ROOT_CLASS = YES_ERROR;
				CLANG_WARN_SUSPICIOUS_MOVE = YES;
				CLANG_WARN_UNREACHABLE_CODE = YES;
				CLANG_WARN__DUPLICATE_METHOD_MATCH = YES;
				CODE_SIGN_IDENTITY = "-";
				COPY_PHASE_STRIP = NO;
				DEBUG_INFORMATION_FORMAT = dwarf;
				ENABLE_STRICT_OBJC_MSGSEND = YES;
				ENABLE_TESTABILITY = YES;
				GCC_C_LANGUAGE_STANDARD = gnu99;
				GCC_DYNAMIC_NO_PIC = NO;
				GCC_NO_COMMON_BLOCKS = YES;
				GCC_OPTIMIZATION_LEVEL = 0;
				GCC_PREPROCESSOR_DEFINITIONS = (
					"DEBUG=1",
					"$(inherited)",
				);
				GCC_WARN_64_TO_32_BIT_CONVERSION = YES;
				GCC_WARN_ABOUT_RETURN_TYPE = YES_ERROR;
				GCC_WARN_UNDECLARED_SELECTOR = YES;
				GCC_WARN_UNINITIALIZED_AUTOS = YES_AGGRESSIVE;
				GCC_WARN_UNUSED_FUNCTION = YES;
				GCC_WARN_UNUSED_VARIABLE = YES;
				MACOSX_DEPLOYMENT_TARGET = 10.12;
				MTL_ENABLE_DEBUG_INFO = YES;
				ONLY_ACTIVE_ARCH = YES;
				SDKROOT = macosx;
				SWIFT_OPTIMIZATION_LEVEL = "-Onone";
			};
			name = Debug;
		};
		24419FA31F26BCBC0006CB6A /* Release */ = {
			isa = XCBuildConfiguration;
			buildSettings = {
				ALWAYS_SEARCH_USER_PATHS = NO;
				CLANG_ANALYZER_NONNULL = YES;
				CLANG_ANALYZER_NUMBER_OBJECT_CONVERSION = YES_AGGRESSIVE;
				CLANG_CXX_LANGUAGE_STANDARD = "gnu++0x";
				CLANG_CXX_LIBRARY = "libc++";
				CLANG_ENABLE_MODULES = YES;
				CLANG_ENABLE_OBJC_ARC = YES;
				CLANG_WARN_BOOL_CONVERSION = YES;
				CLANG_WARN_CONSTANT_CONVERSION = YES;
				CLANG_WARN_DIRECT_OBJC_ISA_USAGE = YES_ERROR;
				CLANG_WARN_DOCUMENTATION_COMMENTS = YES;
				CLANG_WARN_EMPTY_BODY = YES;
				CLANG_WARN_ENUM_CONVERSION = YES;
				CLANG_WARN_INFINITE_RECURSION = YES;
				CLANG_WARN_INT_CONVERSION = YES;
				CLANG_WARN_OBJC_ROOT_CLASS = YES_ERROR;
				CLANG_WARN_SUSPICIOUS_MOVE = YES;
				CLANG_WARN_UNREACHABLE_CODE = YES;
				CLANG_WARN__DUPLICATE_METHOD_MATCH = YES;
				CODE_SIGN_IDENTITY = "-";
				COPY_PHASE_STRIP = NO;
				DEBUG_INFORMATION_FORMAT = "dwarf-with-dsym";
				ENABLE_NS_ASSERTIONS = NO;
				ENABLE_STRICT_OBJC_MSGSEND = YES;
				GCC_C_LANGUAGE_STANDARD = gnu99;
				GCC_NO_COMMON_BLOCKS = YES;
				GCC_WARN_64_TO_32_BIT_CONVERSION = YES;
				GCC_WARN_ABOUT_RETURN_TYPE = YES_ERROR;
				GCC_WARN_UNDECLARED_SELECTOR = YES;
				GCC_WARN_UNINITIALIZED_AUTOS = YES_AGGRESSIVE;
				GCC_WARN_UNUSED_FUNCTION = YES;
				GCC_WARN_UNUSED_VARIABLE = YES;
				MACOSX_DEPLOYMENT_TARGET = 10.12;
				MTL_ENABLE_DEBUG_INFO = NO;
				SDKROOT = macosx;
			};
			name = Release;
		};
		24419FA51F26BCBC0006CB6A /* Debug */ = {
			isa = XCBuildConfiguration;
			buildSettings = {
				DEVELOPMENT_TEAM = 2WESM7TKKR;
				PRODUCT_NAME = "$(TARGET_NAME)";
				SWIFT_VERSION = 3.0;
			};
			name = Debug;
		};
		24419FA61F26BCBC0006CB6A /* Release */ = {
			isa = XCBuildConfiguration;
			buildSettings = {
				DEVELOPMENT_TEAM = 2WESM7TKKR;
				PRODUCT_NAME = "$(TARGET_NAME)";
				SWIFT_VERSION = 3.0;
			};
			name = Release;
		};
/* End XCBuildConfiguration section */

/* Begin XCConfigurationList section */
		24419F981F26BCBC0006CB6A /* Build configuration list for PBXProject "PatternSearching" */ = {
			isa = XCConfigurationList;
			buildConfigurations = (
				24419FA21F26BCBC0006CB6A /* Debug */,
				24419FA31F26BCBC0006CB6A /* Release */,
			);
			defaultConfigurationIsVisible = 0;
			defaultConfigurationName = Release;
		};
		24419FA41F26BCBC0006CB6A /* Build configuration list for PBXNativeTarget "PatternSearching" */ = {
			isa = XCConfigurationList;
			buildConfigurations = (
				24419FA51F26BCBC0006CB6A /* Debug */,
				24419FA61F26BCBC0006CB6A /* Release */,
			);
			defaultConfigurationIsVisible = 0;
		};
/* End XCConfigurationList section */
	};
	rootObject = 24419F951F26BCBC0006CB6A /* Project object */;
}
