// !$*UTF8*$!
{
	archiveVersion = 1;
	classes = {
	};
	objectVersion = 46;
	objects = {

/* Begin PBXBuildFile section */
		3F00FC2D1E6F42B20044FD39 /* AppDelegate.swift in Sources */ = {isa = PBXBuildFile; fileRef = 3F00FC2C1E6F42B20044FD39 /* AppDelegate.swift */; };
		3F00FC2F1E6F42B20044FD39 /* ViewController.swift in Sources */ = {isa = PBXBuildFile; fileRef = 3F00FC2E1E6F42B20044FD39 /* ViewController.swift */; };
		3F00FC321E6F42B20044FD39 /* Main.storyboard in Resources */ = {isa = PBXBuildFile; fileRef = 3F00FC301E6F42B20044FD39 /* Main.storyboard */; };
		3F00FC341E6F42B20044FD39 /* Assets.xcassets in Resources */ = {isa = PBXBuildFile; fileRef = 3F00FC331E6F42B20044FD39 /* Assets.xcassets */; };
		3F00FC371E6F42B20044FD39 /* LaunchScreen.storyboard in Resources */ = {isa = PBXBuildFile; fileRef = 3F00FC351E6F42B20044FD39 /* LaunchScreen.storyboard */; };
		3F00FC411E6F61FA0044FD39 /* CalculatorAPI.swift in Sources */ = {isa = PBXBuildFile; fileRef = 3F00FC401E6F61FA0044FD39 /* CalculatorAPI.swift */; };
/* End PBXBuildFile section */

/* Begin PBXFileReference section */
		3F00FC291E6F42B20044FD39 /* Calculator.app */ = {isa = PBXFileReference; explicitFileType = wrapper.application; includeInIndex = 0; path = Calculator.app; sourceTree = BUILT_PRODUCTS_DIR; };
		3F00FC2C1E6F42B20044FD39 /* AppDelegate.swift */ = {isa = PBXFileReference; lastKnownFileType = sourcecode.swift; path = AppDelegate.swift; sourceTree = "<group>"; };
		3F00FC2E1E6F42B20044FD39 /* ViewController.swift */ = {isa = PBXFileReference; lastKnownFileType = sourcecode.swift; path = ViewController.swift; sourceTree = "<group>"; };
		3F00FC311E6F42B20044FD39 /* Base */ = {isa = PBXFileReference; lastKnownFileType = file.storyboard; name = Base; path = Base.lproj/Main.storyboard; sourceTree = "<group>"; };
		3F00FC331E6F42B20044FD39 /* Assets.xcassets */ = {isa = PBXFileReference; lastKnownFileType = folder.assetcatalog; path = Assets.xcassets; sourceTree = "<group>"; };
		3F00FC361E6F42B20044FD39 /* Base */ = {isa = PBXFileReference; lastKnownFileType = file.storyboard; name = Base; path = Base.lproj/LaunchScreen.storyboard; sourceTree = "<group>"; };
		3F00FC381E6F42B20044FD39 /* Info.plist */ = {isa = PBXFileReference; lastKnownFileType = text.plist.xml; path = Info.plist; sourceTree = "<group>"; };
		3F00FC401E6F61FA0044FD39 /* CalculatorAPI.swift */ = {isa = PBXFileReference; fileEncoding = 4; lastKnownFileType = sourcecode.swift; path = CalculatorAPI.swift; sourceTree = "<group>"; };
/* End PBXFileReference section */

/* Begin PBXFrameworksBuildPhase section */
		3F00FC261E6F42B20044FD39 /* Frameworks */ = {
			isa = PBXFrameworksBuildPhase;
			buildActionMask = 2147483647;
			files = (
			);
			runOnlyForDeploymentPostprocessing = 0;
		};
/* End PBXFrameworksBuildPhase section */

/* Begin PBXGroup section */
		3F00FC201E6F42B20044FD39 = {
			isa = PBXGroup;
			children = (
				3F00FC2B1E6F42B20044FD39 /* Calculator */,
				3F00FC2A1E6F42B20044FD39 /* Products */,
			);
			sourceTree = "<group>";
		};
		3F00FC2A1E6F42B20044FD39 /* Products */ = {
			isa = PBXGroup;
			children = (
				3F00FC291E6F42B20044FD39 /* Calculator.app */,
			);
			name = Products;
			sourceTree = "<group>";
		};
		3F00FC2B1E6F42B20044FD39 /* Calculator */ = {
			isa = PBXGroup;
			children = (
				3F00FC2E1E6F42B20044FD39 /* ViewController.swift */,
				3F00FC401E6F61FA0044FD39 /* CalculatorAPI.swift */,
				3F00FC301E6F42B20044FD39 /* Main.storyboard */,
				3F00FC3F1E6F43440044FD39 /* Supporting Files */,
			);
			path = Calculator;
			sourceTree = "<group>";
		};
		3F00FC3F1E6F43440044FD39 /* Supporting Files */ = {
			isa = PBXGroup;
			children = (
				3F00FC2C1E6F42B20044FD39 /* AppDelegate.swift */,
				3F00FC331E6F42B20044FD39 /* Assets.xcassets */,
				3F00FC351E6F42B20044FD39 /* LaunchScreen.storyboard */,
				3F00FC381E6F42B20044FD39 /* Info.plist */,
			);
			name = "Supporting Files";
			sourceTree = "<group>";
		};
/* End PBXGroup section */

/* Begin PBXNativeTarget section */
		3F00FC281E6F42B20044FD39 /* Calculator */ = {
			isa = PBXNativeTarget;
			buildConfigurationList = 3F00FC3B1E6F42B20044FD39 /* Build configuration list for PBXNativeTarget "Calculator" */;
			buildPhases = (
				3F00FC251E6F42B20044FD39 /* Sources */,
				3F00FC261E6F42B20044FD39 /* Frameworks */,
				3F00FC271E6F42B20044FD39 /* Resources */,
			);
			buildRules = (
			);
			dependencies = (
			);
			name = Calculator;
			productName = Calculator;
			productReference = 3F00FC291E6F42B20044FD39 /* Calculator.app */;
			productType = "com.apple.product-type.application";
		};
/* End PBXNativeTarget section */

/* Begin PBXProject section */
		3F00FC211E6F42B20044FD39 /* Project object */ = {
			isa = PBXProject;
			attributes = {
				LastSwiftUpdateCheck = 0820;
				LastUpgradeCheck = 0820;
				ORGANIZATIONNAME = ASU;
				TargetAttributes = {
					3F00FC281E6F42B20044FD39 = {
						CreatedOnToolsVersion = 8.2.1;
						DevelopmentTeam = 7GQ3QY5M2Q;
						ProvisioningStyle = Automatic;
					};
				};
			};
			buildConfigurationList = 3F00FC241E6F42B20044FD39 /* Build configuration list for PBXProject "Calculator" */;
			compatibilityVersion = "Xcode 3.2";
			developmentRegion = English;
			hasScannedForEncodings = 0;
			knownRegions = (
				en,
				Base,
			);
			mainGroup = 3F00FC201E6F42B20044FD39;
			productRefGroup = 3F00FC2A1E6F42B20044FD39 /* Products */;
			projectDirPath = "";
			projectRoot = "";
			targets = (
				3F00FC281E6F42B20044FD39 /* Calculator */,
			);
		};
/* End PBXProject section */

/* Begin PBXResourcesBuildPhase section */
		3F00FC271E6F42B20044FD39 /* Resources */ = {
			isa = PBXResourcesBuildPhase;
			buildActionMask = 2147483647;
			files = (
				3F00FC371E6F42B20044FD39 /* LaunchScreen.storyboard in Resources */,
				3F00FC341E6F42B20044FD39 /* Assets.xcassets in Resources */,
				3F00FC321E6F42B20044FD39 /* Main.storyboard in Resources */,
			);
			runOnlyForDeploymentPostprocessing = 0;
		};
/* End PBXResourcesBuildPhase section */

/* Begin PBXSourcesBuildPhase section */
		3F00FC251E6F42B20044FD39 /* Sources */ = {
			isa = PBXSourcesBuildPhase;
			buildActionMask = 2147483647;
			files = (
				3F00FC2F1E6F42B20044FD39 /* ViewController.swift in Sources */,
				3F00FC411E6F61FA0044FD39 /* CalculatorAPI.swift in Sources */,
				3F00FC2D1E6F42B20044FD39 /* AppDelegate.swift in Sources */,
			);
			runOnlyForDeploymentPostprocessing = 0;
		};
/* End PBXSourcesBuildPhase section */

/* Begin PBXVariantGroup section */
		3F00FC301E6F42B20044FD39 /* Main.storyboard */ = {
			isa = PBXVariantGroup;
			children = (
				3F00FC311E6F42B20044FD39 /* Base */,
			);
			name = Main.storyboard;
			sourceTree = "<group>";
		};
		3F00FC351E6F42B20044FD39 /* LaunchScreen.storyboard */ = {
			isa = PBXVariantGroup;
			children = (
				3F00FC361E6F42B20044FD39 /* Base */,
			);
			name = LaunchScreen.storyboard;
			sourceTree = "<group>";
		};
/* End PBXVariantGroup section */

/* Begin XCBuildConfiguration section */
		3F00FC391E6F42B20044FD39 /* Debug */ = {
			isa = XCBuildConfiguration;
			buildSettings = {
				ALWAYS_SEARCH_USER_PATHS = NO;
				CLANG_ANALYZER_NONNULL = YES;
				CLANG_CXX_LANGUAGE_STANDARD = "gnu++0x";
				CLANG_CXX_LIBRARY = "libc++";
				CLANG_ENABLE_MODULES = YES;
				CLANG_ENABLE_OBJC_ARC = YES;
				CLANG_WARN_BOOL_CONVERSION = YES;
				CLANG_WARN_CONSTANT_CONVERSION = YES;
				CLANG_WARN_DIRECT_OBJC_ISA_USAGE = YES_ERROR;
				CLANG_WARN_DOCUMENTATION_COMMENTS = YES;
				CLANG_WARN_EMPTY_BODY = YES;
				CLANG_WARN_ENUM_CONVERSION = YES;
				CLANG_WARN_INFINITE_RECURSION = YES;
				CLANG_WARN_INT_CONVERSION = YES;
				CLANG_WARN_OBJC_ROOT_CLASS = YES_ERROR;
				CLANG_WARN_SUSPICIOUS_MOVE = YES;
				CLANG_WARN_UNREACHABLE_CODE = YES;
				CLANG_WARN__DUPLICATE_METHOD_MATCH = YES;
				"CODE_SIGN_IDENTITY[sdk=iphoneos*]" = "iPhone Developer";
				COPY_PHASE_STRIP = NO;
				DEBUG_INFORMATION_FORMAT = dwarf;
				ENABLE_STRICT_OBJC_MSGSEND = YES;
				ENABLE_TESTABILITY = YES;
				GCC_C_LANGUAGE_STANDARD = gnu99;
				GCC_DYNAMIC_NO_PIC = NO;
				GCC_NO_COMMON_BLOCKS = YES;
				GCC_OPTIMIZATION_LEVEL = 0;
				GCC_PREPROCESSOR_DEFINITIONS = (
					"DEBUG=1",
					"$(inherited)",
				);
				GCC_WARN_64_TO_32_BIT_CONVERSION = YES;
				GCC_WARN_ABOUT_RETURN_TYPE = YES_ERROR;
				GCC_WARN_UNDECLARED_SELECTOR = YES;
				GCC_WARN_UNINITIALIZED_AUTOS = YES_AGGRESSIVE;
				GCC_WARN_UNUSED_FUNCTION = YES;
				GCC_WARN_UNUSED_VARIABLE = YES;
				IPHONEOS_DEPLOYMENT_TARGET = 10.2;
				MTL_ENABLE_DEBUG_INFO = YES;
				ONLY_ACTIVE_ARCH = YES;
				SDKROOT = iphoneos;
				SWIFT_ACTIVE_COMPILATION_CONDITIONS = DEBUG;
				SWIFT_OPTIMIZATION_LEVEL = "-Onone";
				TARGETED_DEVICE_FAMILY = "1,2";
			};
			name = Debug;
		};
		3F00FC3A1E6F42B20044FD39 /* Release */ = {
			isa = XCBuildConfiguration;
			buildSettings = {
				ALWAYS_SEARCH_USER_PATHS = NO;
				CLANG_ANALYZER_NONNULL = YES;
				CLANG_CXX_LANGUAGE_STANDARD = "gnu++0x";
				CLANG_CXX_LIBRARY = "libc++";
				CLANG_ENABLE_MODULES = YES;
				CLANG_ENABLE_OBJC_ARC = YES;
				CLANG_WARN_BOOL_CONVERSION = YES;
				CLANG_WARN_CONSTANT_CONVERSION = YES;
				CLANG_WARN_DIRECT_OBJC_ISA_USAGE = YES_ERROR;
				CLANG_WARN_DOCUMENTATION_COMMENTS = YES;
				CLANG_WARN_EMPTY_BODY = YES;
				CLANG_WARN_ENUM_CONVERSION = YES;
				CLANG_WARN_INFINITE_RECURSION = YES;
				CLANG_WARN_INT_CONVERSION = YES;
				CLANG_WARN_OBJC_ROOT_CLASS = YES_ERROR;
				CLANG_WARN_SUSPICIOUS_MOVE = YES;
				CLANG_WARN_UNREACHABLE_CODE = YES;
				CLANG_WARN__DUPLICATE_METHOD_MATCH = YES;
				"CODE_SIGN_IDENTITY[sdk=iphoneos*]" = "iPhone Developer";
				COPY_PHASE_STRIP = NO;
				DEBUG_INFORMATION_FORMAT = "dwarf-with-dsym";
				ENABLE_NS_ASSERTIONS = NO;
				ENABLE_STRICT_OBJC_MSGSEND = YES;
				GCC_C_LANGUAGE_STANDARD = gnu99;
				GCC_NO_COMMON_BLOCKS = YES;
				GCC_WARN_64_TO_32_BIT_CONVERSION = YES;
				GCC_WARN_ABOUT_RETURN_TYPE = YES_ERROR;
				GCC_WARN_UNDECLARED_SELECTOR = YES;
				GCC_WARN_UNINITIALIZED_AUTOS = YES_AGGRESSIVE;
				GCC_WARN_UNUSED_FUNCTION = YES;
				GCC_WARN_UNUSED_VARIABLE = YES;
				IPHONEOS_DEPLOYMENT_TARGET = 10.2;
				MTL_ENABLE_DEBUG_INFO = NO;
				SDKROOT = iphoneos;
				SWIFT_OPTIMIZATION_LEVEL = "-Owholemodule";
				TARGETED_DEVICE_FAMILY = "1,2";
				VALIDATE_PRODUCT = YES;
			};
			name = Release;
		};
		3F00FC3C1E6F42B20044FD39 /* Debug */ = {
			isa = XCBuildConfiguration;
			buildSettings = {
				ASSETCATALOG_COMPILER_APPICON_NAME = AppIcon;
				DEVELOPMENT_TEAM = 7GQ3QY5M2Q;
				INFOPLIST_FILE = Calculator/Info.plist;
				LD_RUNPATH_SEARCH_PATHS = "$(inherited) @executable_path/Frameworks";
				PRODUCT_BUNDLE_IDENTIFIER = me.prashannaraghavan.pras.Calculator;
				PRODUCT_NAME = "$(TARGET_NAME)";
				SWIFT_VERSION = 3.0;
			};
			name = Debug;
		};
		3F00FC3D1E6F42B20044FD39 /* Release */ = {
			isa = XCBuildConfiguration;
			buildSettings = {
				ASSETCATALOG_COMPILER_APPICON_NAME = AppIcon;
				DEVELOPMENT_TEAM = 7GQ3QY5M2Q;
				INFOPLIST_FILE = Calculator/Info.plist;
				LD_RUNPATH_SEARCH_PATHS = "$(inherited) @executable_path/Frameworks";
				PRODUCT_BUNDLE_IDENTIFIER = me.prashannaraghavan.pras.Calculator;
				PRODUCT_NAME = "$(TARGET_NAME)";
				SWIFT_VERSION = 3.0;
			};
			name = Release;
		};
/* End XCBuildConfiguration section */

/* Begin XCConfigurationList section */
		3F00FC241E6F42B20044FD39 /* Build configuration list for PBXProject "Calculator" */ = {
			isa = XCConfigurationList;
			buildConfigurations = (
				3F00FC391E6F42B20044FD39 /* Debug */,
				3F00FC3A1E6F42B20044FD39 /* Release */,
			);
			defaultConfigurationIsVisible = 0;
			defaultConfigurationName = Release;
		};
		3F00FC3B1E6F42B20044FD39 /* Build configuration list for PBXNativeTarget "Calculator" */ = {
			isa = XCConfigurationList;
			buildConfigurations = (
				3F00FC3C1E6F42B20044FD39 /* Debug */,
				3F00FC3D1E6F42B20044FD39 /* Release */,
			);
			defaultConfigurationIsVisible = 0;
			defaultConfigurationName = Release;
		};
/* End XCConfigurationList section */
	};
	rootObject = 3F00FC211E6F42B20044FD39 /* Project object */;
}
